
Microsoft Visual Studio Solution File, Format Version 12.00
# Visual Studio 2012
Project("{FAE04EC0-301F-11D3-BF4B-00C04F79EFBC}") = "BlitzInfo", "BlitzInfo\BlitzInfo.csproj", "{7CFA765B-FB2F-47C7-A311-6E8C1E50199E}"
EndProject
Global
	GlobalSection(SolutionConfigurationPlatforms) = preSolution
		Debug|Any CPU = Debug|Any CPU
		Release|Any CPU = Release|Any CPU
	EndGlobalSection
	GlobalSection(ProjectConfigurationPlatforms) = postSolution
		{7CFA765B-FB2F-47C7-A311-6E8C1E50199E}.Debug|Any CPU.ActiveCfg = Debug|Any CPU
		{7CFA765B-FB2F-47C7-A311-6E8C1E50199E}.Debug|Any CPU.Build.0 = Debug|Any CPU
		{7CFA765B-FB2F-47C7-A311-6E8C1E50199E}.Release|Any CPU.ActiveCfg = Release|Any CPU
		{7CFA765B-FB2F-47C7-A311-6E8C1E50199E}.Release|Any CPU.Build.0 = Release|Any CPU
	EndGlobalSection
	GlobalSection(SolutionProperties) = preSolution
		HideSolutionNode = FALSE
	EndGlobalSection
EndGlobal
